
Microsoft Visual Studio Solution File, Format Version 12.00
# Visual Studio Version 17
VisualStudioVersion = 17.0.31903.59
MinimumVisualStudioVersion = 10.0.40219.1
Project("{FAE04EC0-301F-11D3-BF4B-00C04F79EFBC}") = "API", "API\API.csproj", "{7174AEED-F642-4392-84DD-C55A239B2911}"
EndProject
Project("{FAE04EC0-301F-11D3-BF4B-00C04F79EFBC}") = "Core", "Core\Core.csproj", "{58A34CD1-606B-47DC-B107-78AB4CDDF0CB}"
EndProject
Project("{FAE04EC0-301F-11D3-BF4B-00C04F79EFBC}") = "Infraestructure", "Infraestructure\Infraestructure.csproj", "{173243E0-0D64-40EE-B692-E4057B1C0413}"
EndProject
Global
	GlobalSection(SolutionConfigurationPlatforms) = preSolution
		Debug|Any CPU = Debug|Any CPU
		Release|Any CPU = Release|Any CPU
	EndGlobalSection
	GlobalSection(SolutionProperties) = preSolution
		HideSolutionNode = FALSE
	EndGlobalSection
	GlobalSection(ProjectConfigurationPlatforms) = postSolution
		{7174AEED-F642-4392-84DD-C55A239B2911}.Debug|Any CPU.ActiveCfg = Debug|Any CPU
		{7174AEED-F642-4392-84DD-C55A239B2911}.Debug|Any CPU.Build.0 = Debug|Any CPU
		{7174AEED-F642-4392-84DD-C55A239B2911}.Release|Any CPU.ActiveCfg = Release|Any CPU
		{7174AEED-F642-4392-84DD-C55A239B2911}.Release|Any CPU.Build.0 = Release|Any CPU
		{58A34CD1-606B-47DC-B107-78AB4CDDF0CB}.Debug|Any CPU.ActiveCfg = Debug|Any CPU
		{58A34CD1-606B-47DC-B107-78AB4CDDF0CB}.Debug|Any CPU.Build.0 = Debug|Any CPU
		{58A34CD1-606B-47DC-B107-78AB4CDDF0CB}.Release|Any CPU.ActiveCfg = Release|Any CPU
		{58A34CD1-606B-47DC-B107-78AB4CDDF0CB}.Release|Any CPU.Build.0 = Release|Any CPU
		{173243E0-0D64-40EE-B692-E4057B1C0413}.Debug|Any CPU.ActiveCfg = Debug|Any CPU
		{173243E0-0D64-40EE-B692-E4057B1C0413}.Debug|Any CPU.Build.0 = Debug|Any CPU
		{173243E0-0D64-40EE-B692-E4057B1C0413}.Release|Any CPU.ActiveCfg = Release|Any CPU
		{173243E0-0D64-40EE-B692-E4057B1C0413}.Release|Any CPU.Build.0 = Release|Any CPU
	EndGlobalSection
EndGlobal
